
Microsoft Visual Studio Solution File, Format Version 12.00
# Visual Studio Version 17
VisualStudioVersion = 17.2.32516.85
MinimumVisualStudioVersion = 10.0.40219.1
Project("{FAE04EC0-301F-11D3-BF4B-00C04F79EFBC}") = "youtube-dl-ez", "youtube-dl-ez\youtube-dl-ez.csproj", "{ACBEEB41-6C2E-461F-98F7-DA6472024462}"
EndProject
Global
	GlobalSection(SolutionConfigurationPlatforms) = preSolution
		Debug|Any CPU = Debug|Any CPU
		Release|Any CPU = Release|Any CPU
	EndGlobalSection
	GlobalSection(ProjectConfigurationPlatforms) = postSolution
		{ACBEEB41-6C2E-461F-98F7-DA6472024462}.Debug|Any CPU.ActiveCfg = Debug|Any CPU
		{ACBEEB41-6C2E-461F-98F7-DA6472024462}.Debug|Any CPU.Build.0 = Debug|Any CPU
		{ACBEEB41-6C2E-461F-98F7-DA6472024462}.Release|Any CPU.ActiveCfg = Release|Any CPU
		{ACBEEB41-6C2E-461F-98F7-DA6472024462}.Release|Any CPU.Build.0 = Release|Any CPU
	EndGlobalSection
	GlobalSection(SolutionProperties) = preSolution
		HideSolutionNode = FALSE
	EndGlobalSection
	GlobalSection(ExtensibilityGlobals) = postSolution
		SolutionGuid = {81F9431C-795A-4493-B3C9-3A354E0AE534}
	EndGlobalSection
EndGlobal
